
Microsoft Visual Studio Solution File, Format Version 12.00
# Visual Studio Version 16
VisualStudioVersion = 16.0.35325.158
MinimumVisualStudioVersion = 10.0.40219.1
Project("{FAE04EC0-301F-11D3-BF4B-00C04F79EFBC}") = "BaseManagement", "BaseManagement.csproj", "{276F75FB-A58B-4AC3-8B84-015EE1D189C9}"
EndProject
Global
	GlobalSection(SolutionConfigurationPlatforms) = preSolution
		Debug|Any CPU = Debug|Any CPU
		Release|Any CPU = Release|Any CPU
	EndGlobalSection
	GlobalSection(ProjectConfigurationPlatforms) = postSolution
		{276F75FB-A58B-4AC3-8B84-015EE1D189C9}.Debug|Any CPU.ActiveCfg = Debug|Any CPU
		{276F75FB-A58B-4AC3-8B84-015EE1D189C9}.Debug|Any CPU.Build.0 = Debug|Any CPU
		{276F75FB-A58B-4AC3-8B84-015EE1D189C9}.Release|Any CPU.ActiveCfg = Release|Any CPU
		{276F75FB-A58B-4AC3-8B84-015EE1D189C9}.Release|Any CPU.Build.0 = Release|Any CPU
	EndGlobalSection
	GlobalSection(SolutionProperties) = preSolution
		HideSolutionNode = FALSE
	EndGlobalSection
	GlobalSection(ExtensibilityGlobals) = postSolution
		SolutionGuid = {4EE6B9CC-A4AC-4FD2-8F5B-8CA61711E7BB}
	EndGlobalSection
EndGlobal
