
Microsoft Visual Studio Solution File, Format Version 12.00
# Visual Studio Version 16
VisualStudioVersion = 16.0.35325.158
MinimumVisualStudioVersion = 10.0.40219.1
Project("{FAE04EC0-301F-11D3-BF4B-00C04F79EFBC}") = "WebCourseDesign", "WebCourseDesign.csproj", "{58A575E3-C032-4C31-8686-753FD4DB774D}"
EndProject
Global
	GlobalSection(SolutionConfigurationPlatforms) = preSolution
		Debug|Any CPU = Debug|Any CPU
		Release|Any CPU = Release|Any CPU
	EndGlobalSection
	GlobalSection(ProjectConfigurationPlatforms) = postSolution
		{58A575E3-C032-4C31-8686-753FD4DB774D}.Debug|Any CPU.ActiveCfg = Debug|Any CPU
		{58A575E3-C032-4C31-8686-753FD4DB774D}.Debug|Any CPU.Build.0 = Debug|Any CPU
		{58A575E3-C032-4C31-8686-753FD4DB774D}.Release|Any CPU.ActiveCfg = Release|Any CPU
		{58A575E3-C032-4C31-8686-753FD4DB774D}.Release|Any CPU.Build.0 = Release|Any CPU
	EndGlobalSection
	GlobalSection(SolutionProperties) = preSolution
		HideSolutionNode = FALSE
	EndGlobalSection
	GlobalSection(ExtensibilityGlobals) = postSolution
		SolutionGuid = {F1747B62-F9E0-45F6-A3A4-D2FE55169409}
	EndGlobalSection
EndGlobal
